
Microsoft Visual Studio Solution File, Format Version 12.00
# Visual Studio 15
VisualStudioVersion = 15.0.27004.2002
MinimumVisualStudioVersion = 10.0.40219.1
Project("{8BC9CEB8-8B4A-11D0-8D11-00A0C91BC942}") = "Caro", "Caro\Caro.vcxproj", "{A1E4F148-A9AD-48E9-880A-12A744B4068B}"
EndProject
Global
	GlobalSection(SolutionConfigurationPlatforms) = preSolution
		Debug|x64 = Debug|x64
		Debug|x86 = Debug|x86
		Release|x64 = Release|x64
		Release|x86 = Release|x86
	EndGlobalSection
	GlobalSection(ProjectConfigurationPlatforms) = postSolution
		{A1E4F148-A9AD-48E9-880A-12A744B4068B}.Debug|x64.ActiveCfg = Debug|x64
		{A1E4F148-A9AD-48E9-880A-12A744B4068B}.Debug|x64.Build.0 = Debug|x64
		{A1E4F148-A9AD-48E9-880A-12A744B4068B}.Debug|x86.ActiveCfg = Debug|Win32
		{A1E4F148-A9AD-48E9-880A-12A744B4068B}.Debug|x86.Build.0 = Debug|Win32
		{A1E4F148-A9AD-48E9-880A-12A744B4068B}.Release|x64.ActiveCfg = Release|x64
		{A1E4F148-A9AD-48E9-880A-12A744B4068B}.Release|x64.Build.0 = Release|x64
		{A1E4F148-A9AD-48E9-880A-12A744B4068B}.Release|x86.ActiveCfg = Release|Win32
		{A1E4F148-A9AD-48E9-880A-12A744B4068B}.Release|x86.Build.0 = Release|Win32
	EndGlobalSection
	GlobalSection(SolutionProperties) = preSolution
		HideSolutionNode = FALSE
	EndGlobalSection
	GlobalSection(ExtensibilityGlobals) = postSolution
		SolutionGuid = {8860CC84-8C6C-4AF5-A173-1B0B02F89438}
	EndGlobalSection
EndGlobal
